// !$*UTF8*$!
{
	archiveVersion = 1;
	classes = {
	};
	objectVersion = 55;
	objects = {

/* Begin PBXBuildFile section */
		0B6990E6D00117742C37AFD6 /* Pods_NoticeTests.framework in Frameworks */ = {isa = PBXBuildFile; fileRef = BF48077C8EDFE010634ABF0A /* Pods_NoticeTests.framework */; };
		1CB7C0BD90E28AB9401305E0 /* Pods_Notice.framework in Frameworks */ = {isa = PBXBuildFile; fileRef = 6AC503292136E3A60013BF37 /* Pods_Notice.framework */; };
		2FE94A48062580FAEE36E886 /* Pods_Notice_NoticeUITests.framework in Frameworks */ = {isa = PBXBuildFile; fileRef = DE9E5270AE56B5139B28661A /* Pods_Notice_NoticeUITests.framework */; };
		A5824170282CD5B0000ACA93 /* AppDelegate.swift in Sources */ = {isa = PBXBuildFile; fileRef = A582416F282CD5B0000ACA93 /* AppDelegate.swift */; };
		A5824172282CD5B0000ACA93 /* SceneDelegate.swift in Sources */ = {isa = PBXBuildFile; fileRef = A5824171282CD5B0000ACA93 /* SceneDelegate.swift */; };
		A5824174282CD5B0000ACA93 /* ViewController.swift in Sources */ = {isa = PBXBuildFile; fileRef = A5824173282CD5B0000ACA93 /* ViewController.swift */; };
		A5824177282CD5B0000ACA93 /* Main.storyboard in Resources */ = {isa = PBXBuildFile; fileRef = A5824175282CD5B0000ACA93 /* Main.storyboard */; };
		A5824179282CD5B2000ACA93 /* Assets.xcassets in Resources */ = {isa = PBXBuildFile; fileRef = A5824178282CD5B2000ACA93 /* Assets.xcassets */; };
		A582417C282CD5B2000ACA93 /* LaunchScreen.storyboard in Resources */ = {isa = PBXBuildFile; fileRef = A582417A282CD5B2000ACA93 /* LaunchScreen.storyboard */; };
		A5824187282CD5B2000ACA93 /* NoticeTests.swift in Sources */ = {isa = PBXBuildFile; fileRef = A5824186282CD5B2000ACA93 /* NoticeTests.swift */; };
		A5824191282CD5B2000ACA93 /* NoticeUITests.swift in Sources */ = {isa = PBXBuildFile; fileRef = A5824190282CD5B2000ACA93 /* NoticeUITests.swift */; };
		A5824193282CD5B2000ACA93 /* NoticeUITestsLaunchTests.swift in Sources */ = {isa = PBXBuildFile; fileRef = A5824192282CD5B2000ACA93 /* NoticeUITestsLaunchTests.swift */; };
		A58241A1282CD994000ACA93 /* NoticeViewController.swift in Sources */ = {isa = PBXBuildFile; fileRef = A582419F282CD994000ACA93 /* NoticeViewController.swift */; };
		A58241A2282CD994000ACA93 /* NoticeViewController.xib in Resources */ = {isa = PBXBuildFile; fileRef = A58241A0282CD994000ACA93 /* NoticeViewController.xib */; };
		A5B05444282CDDD7007A0D69 /* GoogleService-Info.plist in Resources */ = {isa = PBXBuildFile; fileRef = A5B05443282CDDD7007A0D69 /* GoogleService-Info.plist */; };
		A5B05446282CDE94007A0D69 /* RemoteConfigDefaults.plist in Resources */ = {isa = PBXBuildFile; fileRef = A5B05445282CDE94007A0D69 /* RemoteConfigDefaults.plist */; };
/* End PBXBuildFile section */

/* Begin PBXContainerItemProxy section */
		A5824183282CD5B2000ACA93 /* PBXContainerItemProxy */ = {
			isa = PBXContainerItemProxy;
			containerPortal = A5824164282CD5B0000ACA93 /* Project object */;
			proxyType = 1;
			remoteGlobalIDString = A582416B282CD5B0000ACA93;
			remoteInfo = Notice;
		};
		A582418D282CD5B2000ACA93 /* PBXContainerItemProxy */ = {
			isa = PBXContainerItemProxy;
			containerPortal = A5824164282CD5B0000ACA93 /* Project object */;
			proxyType = 1;
			remoteGlobalIDString = A582416B282CD5B0000ACA93;
			remoteInfo = Notice;
		};
/* End PBXContainerItemProxy section */

/* Begin PBXFileReference section */
		0B7572FFA6E3CF9AEAD4B617 /* Pods-Notice-NoticeUITests.release.xcconfig */ = {isa = PBXFileReference; includeInIndex = 1; lastKnownFileType = text.xcconfig; name = "Pods-Notice-NoticeUITests.release.xcconfig"; path = "Target Support Files/Pods-Notice-NoticeUITests/Pods-Notice-NoticeUITests.release.xcconfig"; sourceTree = "<group>"; };
		491BF39083B5E71A40AF7C45 /* Pods-Notice.release.xcconfig */ = {isa = PBXFileReference; includeInIndex = 1; lastKnownFileType = text.xcconfig; name = "Pods-Notice.release.xcconfig"; path = "Target Support Files/Pods-Notice/Pods-Notice.release.xcconfig"; sourceTree = "<group>"; };
		5C113130C21F0D2762754F6C /* Pods-Notice-NoticeUITests.debug.xcconfig */ = {isa = PBXFileReference; includeInIndex = 1; lastKnownFileType = text.xcconfig; name = "Pods-Notice-NoticeUITests.debug.xcconfig"; path = "Target Support Files/Pods-Notice-NoticeUITests/Pods-Notice-NoticeUITests.debug.xcconfig"; sourceTree = "<group>"; };
		6AC503292136E3A60013BF37 /* Pods_Notice.framework */ = {isa = PBXFileReference; explicitFileType = wrapper.framework; includeInIndex = 0; path = Pods_Notice.framework; sourceTree = BUILT_PRODUCTS_DIR; };
		6D1EC71E292B34DF1F7108C3 /* Pods-Notice.debug.xcconfig */ = {isa = PBXFileReference; includeInIndex = 1; lastKnownFileType = text.xcconfig; name = "Pods-Notice.debug.xcconfig"; path = "Target Support Files/Pods-Notice/Pods-Notice.debug.xcconfig"; sourceTree = "<group>"; };
		944947A67744629B5207AE69 /* Pods-NoticeTests.release.xcconfig */ = {isa = PBXFileReference; includeInIndex = 1; lastKnownFileType = text.xcconfig; name = "Pods-NoticeTests.release.xcconfig"; path = "Target Support Files/Pods-NoticeTests/Pods-NoticeTests.release.xcconfig"; sourceTree = "<group>"; };
		A582416C282CD5B0000ACA93 /* Notice.app */ = {isa = PBXFileReference; explicitFileType = wrapper.application; includeInIndex = 0; path = Notice.app; sourceTree = BUILT_PRODUCTS_DIR; };
		A582416F282CD5B0000ACA93 /* AppDelegate.swift */ = {isa = PBXFileReference; lastKnownFileType = sourcecode.swift; path = AppDelegate.swift; sourceTree = "<group>"; };
		A5824171282CD5B0000ACA93 /* SceneDelegate.swift */ = {isa = PBXFileReference; lastKnownFileType = sourcecode.swift; path = SceneDelegate.swift; sourceTree = "<group>"; };
		A5824173282CD5B0000ACA93 /* ViewController.swift */ = {isa = PBXFileReference; lastKnownFileType = sourcecode.swift; path = ViewController.swift; sourceTree = "<group>"; };
		A5824176282CD5B0000ACA93 /* Base */ = {isa = PBXFileReference; lastKnownFileType = file.storyboard; name = Base; path = Base.lproj/Main.storyboard; sourceTree = "<group>"; };
		A5824178282CD5B2000ACA93 /* Assets.xcassets */ = {isa = PBXFileReference; lastKnownFileType = folder.assetcatalog; path = Assets.xcassets; sourceTree = "<group>"; };
		A582417B282CD5B2000ACA93 /* Base */ = {isa = PBXFileReference; lastKnownFileType = file.storyboard; name = Base; path = Base.lproj/LaunchScreen.storyboard; sourceTree = "<group>"; };
		A582417D282CD5B2000ACA93 /* Info.plist */ = {isa = PBXFileReference; lastKnownFileType = text.plist.xml; path = Info.plist; sourceTree = "<group>"; };
		A5824182282CD5B2000ACA93 /* NoticeTests.xctest */ = {isa = PBXFileReference; explicitFileType = wrapper.cfbundle; includeInIndex = 0; path = NoticeTests.xctest; sourceTree = BUILT_PRODUCTS_DIR; };
		A5824186282CD5B2000ACA93 /* NoticeTests.swift */ = {isa = PBXFileReference; lastKnownFileType = sourcecode.swift; path = NoticeTests.swift; sourceTree = "<group>"; };
		A582418C282CD5B2000ACA93 /* NoticeUITests.xctest */ = {isa = PBXFileReference; explicitFileType = wrapper.cfbundle; includeInIndex = 0; path = NoticeUITests.xctest; sourceTree = BUILT_PRODUCTS_DIR; };
		A5824190282CD5B2000ACA93 /* NoticeUITests.swift */ = {isa = PBXFileReference; lastKnownFileType = sourcecode.swift; path = NoticeUITests.swift; sourceTree = "<group>"; };
		A5824192282CD5B2000ACA93 /* NoticeUITestsLaunchTests.swift */ = {isa = PBXFileReference; lastKnownFileType = sourcecode.swift; path = NoticeUITestsLaunchTests.swift; sourceTree = "<group>"; };
		A582419F282CD994000ACA93 /* NoticeViewController.swift */ = {isa = PBXFileReference; lastKnownFileType = sourcecode.swift; path = NoticeViewController.swift; sourceTree = "<group>"; };
		A58241A0282CD994000ACA93 /* NoticeViewController.xib */ = {isa = PBXFileReference; lastKnownFileType = file.xib; path = NoticeViewController.xib; sourceTree = "<group>"; };
		A5B05443282CDDD7007A0D69 /* GoogleService-Info.plist */ = {isa = PBXFileReference; fileEncoding = 4; lastKnownFileType = text.plist.xml; path = "GoogleService-Info.plist"; sourceTree = "<group>"; };
		A5B05445282CDE94007A0D69 /* RemoteConfigDefaults.plist */ = {isa = PBXFileReference; lastKnownFileType = text.plist.xml; path = RemoteConfigDefaults.plist; sourceTree = "<group>"; };
		BF48077C8EDFE010634ABF0A /* Pods_NoticeTests.framework */ = {isa = PBXFileReference; explicitFileType = wrapper.framework; includeInIndex = 0; path = Pods_NoticeTests.framework; sourceTree = BUILT_PRODUCTS_DIR; };
		DE9E5270AE56B5139B28661A /* Pods_Notice_NoticeUITests.framework */ = {isa = PBXFileReference; explicitFileType = wrapper.framework; includeInIndex = 0; path = Pods_Notice_NoticeUITests.framework; sourceTree = BUILT_PRODUCTS_DIR; };
		F4B18E0EC5C0FE1AE5AFF9E6 /* Pods-NoticeTests.debug.xcconfig */ = {isa = PBXFileReference; includeInIndex = 1; lastKnownFileType = text.xcconfig; name = "Pods-NoticeTests.debug.xcconfig"; path = "Target Support Files/Pods-NoticeTests/Pods-NoticeTests.debug.xcconfig"; sourceTree = "<group>"; };
/* End PBXFileReference section */

/* Begin PBXFrameworksBuildPhase section */
		A5824169282CD5B0000ACA93 /* Frameworks */ = {
			isa = PBXFrameworksBuildPhase;
			buildActionMask = 2147483647;
			files = (
				1CB7C0BD90E28AB9401305E0 /* Pods_Notice.framework in Frameworks */,
			);
			runOnlyForDeploymentPostprocessing = 0;
		};
		A582417F282CD5B2000ACA93 /* Frameworks */ = {
			isa = PBXFrameworksBuildPhase;
			buildActionMask = 2147483647;
			files = (
				0B6990E6D00117742C37AFD6 /* Pods_NoticeTests.framework in Frameworks */,
			);
			runOnlyForDeploymentPostprocessing = 0;
		};
		A5824189282CD5B2000ACA93 /* Frameworks */ = {
			isa = PBXFrameworksBuildPhase;
			buildActionMask = 2147483647;
			files = (
				2FE94A48062580FAEE36E886 /* Pods_Notice_NoticeUITests.framework in Frameworks */,
			);
			runOnlyForDeploymentPostprocessing = 0;
		};
/* End PBXFrameworksBuildPhase section */

/* Begin PBXGroup section */
		36803D4BDA0F33360409A6BF /* Pods */ = {
			isa = PBXGroup;
			children = (
				6D1EC71E292B34DF1F7108C3 /* Pods-Notice.debug.xcconfig */,
				491BF39083B5E71A40AF7C45 /* Pods-Notice.release.xcconfig */,
				5C113130C21F0D2762754F6C /* Pods-Notice-NoticeUITests.debug.xcconfig */,
				0B7572FFA6E3CF9AEAD4B617 /* Pods-Notice-NoticeUITests.release.xcconfig */,
				F4B18E0EC5C0FE1AE5AFF9E6 /* Pods-NoticeTests.debug.xcconfig */,
				944947A67744629B5207AE69 /* Pods-NoticeTests.release.xcconfig */,
			);
			path = Pods;
			sourceTree = "<group>";
		};
		418232759984EFD2974B0E89 /* Frameworks */ = {
			isa = PBXGroup;
			children = (
				6AC503292136E3A60013BF37 /* Pods_Notice.framework */,
				DE9E5270AE56B5139B28661A /* Pods_Notice_NoticeUITests.framework */,
				BF48077C8EDFE010634ABF0A /* Pods_NoticeTests.framework */,
			);
			name = Frameworks;
			sourceTree = "<group>";
		};
		A5824163282CD5B0000ACA93 = {
			isa = PBXGroup;
			children = (
				A582416E282CD5B0000ACA93 /* Notice */,
				A5824185282CD5B2000ACA93 /* NoticeTests */,
				A582418F282CD5B2000ACA93 /* NoticeUITests */,
				A582416D282CD5B0000ACA93 /* Products */,
				36803D4BDA0F33360409A6BF /* Pods */,
				418232759984EFD2974B0E89 /* Frameworks */,
			);
			sourceTree = "<group>";
		};
		A582416D282CD5B0000ACA93 /* Products */ = {
			isa = PBXGroup;
			children = (
				A582416C282CD5B0000ACA93 /* Notice.app */,
				A5824182282CD5B2000ACA93 /* NoticeTests.xctest */,
				A582418C282CD5B2000ACA93 /* NoticeUITests.xctest */,
			);
			name = Products;
			sourceTree = "<group>";
		};
		A582416E282CD5B0000ACA93 /* Notice */ = {
			isa = PBXGroup;
			children = (
				A5B05443282CDDD7007A0D69 /* GoogleService-Info.plist */,
				A582416F282CD5B0000ACA93 /* AppDelegate.swift */,
				A5824171282CD5B0000ACA93 /* SceneDelegate.swift */,
				A5824173282CD5B0000ACA93 /* ViewController.swift */,
				A582419F282CD994000ACA93 /* NoticeViewController.swift */,
				A58241A0282CD994000ACA93 /* NoticeViewController.xib */,
				A5824175282CD5B0000ACA93 /* Main.storyboard */,
				A5824178282CD5B2000ACA93 /* Assets.xcassets */,
				A582417A282CD5B2000ACA93 /* LaunchScreen.storyboard */,
				A582417D282CD5B2000ACA93 /* Info.plist */,
				A5B05445282CDE94007A0D69 /* RemoteConfigDefaults.plist */,
			);
			path = Notice;
			sourceTree = "<group>";
		};
		A5824185282CD5B2000ACA93 /* NoticeTests */ = {
			isa = PBXGroup;
			children = (
				A5824186282CD5B2000ACA93 /* NoticeTests.swift */,
			);
			path = NoticeTests;
			sourceTree = "<group>";
		};
		A582418F282CD5B2000ACA93 /* NoticeUITests */ = {
			isa = PBXGroup;
			children = (
				A5824190282CD5B2000ACA93 /* NoticeUITests.swift */,
				A5824192282CD5B2000ACA93 /* NoticeUITestsLaunchTests.swift */,
			);
			path = NoticeUITests;
			sourceTree = "<group>";
		};
/* End PBXGroup section */

/* Begin PBXNativeTarget section */
		A582416B282CD5B0000ACA93 /* Notice */ = {
			isa = PBXNativeTarget;
			buildConfigurationList = A5824196282CD5B2000ACA93 /* Build configuration list for PBXNativeTarget "Notice" */;
			buildPhases = (
				FAC3CB84451A40EDB3E0B177 /* [CP] Check Pods Manifest.lock */,
				A5824168282CD5B0000ACA93 /* Sources */,
				A5824169282CD5B0000ACA93 /* Frameworks */,
				A582416A282CD5B0000ACA93 /* Resources */,
				1011C467578BD123D9186BF6 /* [CP] Embed Pods Frameworks */,
			);
			buildRules = (
			);
			dependencies = (
			);
			name = Notice;
			productName = Notice;
			productReference = A582416C282CD5B0000ACA93 /* Notice.app */;
			productType = "com.apple.product-type.application";
		};
		A5824181282CD5B2000ACA93 /* NoticeTests */ = {
			isa = PBXNativeTarget;
			buildConfigurationList = A5824199282CD5B2000ACA93 /* Build configuration list for PBXNativeTarget "NoticeTests" */;
			buildPhases = (
				AE74828C484AA9D0FEA3620A /* [CP] Check Pods Manifest.lock */,
				A582417E282CD5B2000ACA93 /* Sources */,
				A582417F282CD5B2000ACA93 /* Frameworks */,
				A5824180282CD5B2000ACA93 /* Resources */,
			);
			buildRules = (
			);
			dependencies = (
				A5824184282CD5B2000ACA93 /* PBXTargetDependency */,
			);
			name = NoticeTests;
			productName = NoticeTests;
			productReference = A5824182282CD5B2000ACA93 /* NoticeTests.xctest */;
			productType = "com.apple.product-type.bundle.unit-test";
		};
		A582418B282CD5B2000ACA93 /* NoticeUITests */ = {
			isa = PBXNativeTarget;
			buildConfigurationList = A582419C282CD5B2000ACA93 /* Build configuration list for PBXNativeTarget "NoticeUITests" */;
			buildPhases = (
				1FDE04979D06E46DDB7476B7 /* [CP] Check Pods Manifest.lock */,
				A5824188282CD5B2000ACA93 /* Sources */,
				A5824189282CD5B2000ACA93 /* Frameworks */,
				A582418A282CD5B2000ACA93 /* Resources */,
				75331936214612396D30C0C6 /* [CP] Embed Pods Frameworks */,
			);
			buildRules = (
			);
			dependencies = (
				A582418E282CD5B2000ACA93 /* PBXTargetDependency */,
			);
			name = NoticeUITests;
			productName = NoticeUITests;
			productReference = A582418C282CD5B2000ACA93 /* NoticeUITests.xctest */;
			productType = "com.apple.product-type.bundle.ui-testing";
		};
/* End PBXNativeTarget section */

/* Begin PBXProject section */
		A5824164282CD5B0000ACA93 /* Project object */ = {
			isa = PBXProject;
			attributes = {
				BuildIndependentTargetsInParallel = 1;
				LastSwiftUpdateCheck = 1330;
				LastUpgradeCheck = 1330;
				TargetAttributes = {
					A582416B282CD5B0000ACA93 = {
						CreatedOnToolsVersion = 13.3.1;
					};
					A5824181282CD5B2000ACA93 = {
						CreatedOnToolsVersion = 13.3.1;
						TestTargetID = A582416B282CD5B0000ACA93;
					};
					A582418B282CD5B2000ACA93 = {
						CreatedOnToolsVersion = 13.3.1;
						TestTargetID = A582416B282CD5B0000ACA93;
					};
				};
			};
			buildConfigurationList = A5824167282CD5B0000ACA93 /* Build configuration list for PBXProject "Notice" */;
			compatibilityVersion = "Xcode 13.0";
			developmentRegion = en;
			hasScannedForEncodings = 0;
			knownRegions = (
				en,
				Base,
			);
			mainGroup = A5824163282CD5B0000ACA93;
			productRefGroup = A582416D282CD5B0000ACA93 /* Products */;
			projectDirPath = "";
			projectRoot = "";
			targets = (
				A582416B282CD5B0000ACA93 /* Notice */,
				A5824181282CD5B2000ACA93 /* NoticeTests */,
				A582418B282CD5B2000ACA93 /* NoticeUITests */,
			);
		};
/* End PBXProject section */

/* Begin PBXResourcesBuildPhase section */
		A582416A282CD5B0000ACA93 /* Resources */ = {
			isa = PBXResourcesBuildPhase;
			buildActionMask = 2147483647;
			files = (
				A5B05446282CDE94007A0D69 /* RemoteConfigDefaults.plist in Resources */,
				A582417C282CD5B2000ACA93 /* LaunchScreen.storyboard in Resources */,
				A5824179282CD5B2000ACA93 /* Assets.xcassets in Resources */,
				A5B05444282CDDD7007A0D69 /* GoogleService-Info.plist in Resources */,
				A58241A2282CD994000ACA93 /* NoticeViewController.xib in Resources */,
				A5824177282CD5B0000ACA93 /* Main.storyboard in Resources */,
			);
			runOnlyForDeploymentPostprocessing = 0;
		};
		A5824180282CD5B2000ACA93 /* Resources */ = {
			isa = PBXResourcesBuildPhase;
			buildActionMask = 2147483647;
			files = (
			);
			runOnlyForDeploymentPostprocessing = 0;
		};
		A582418A282CD5B2000ACA93 /* Resources */ = {
			isa = PBXResourcesBuildPhase;
			buildActionMask = 2147483647;
			files = (
			);
			runOnlyForDeploymentPostprocessing = 0;
		};
/* End PBXResourcesBuildPhase section */

/* Begin PBXShellScriptBuildPhase section */
		1011C467578BD123D9186BF6 /* [CP] Embed Pods Frameworks */ = {
			isa = PBXShellScriptBuildPhase;
			buildActionMask = 2147483647;
			files = (
			);
			inputFileListPaths = (
				"${PODS_ROOT}/Target Support Files/Pods-Notice/Pods-Notice-frameworks-${CONFIGURATION}-input-files.xcfilelist",
			);
			name = "[CP] Embed Pods Frameworks";
			outputFileListPaths = (
				"${PODS_ROOT}/Target Support Files/Pods-Notice/Pods-Notice-frameworks-${CONFIGURATION}-output-files.xcfilelist",
			);
			runOnlyForDeploymentPostprocessing = 0;
			shellPath = /bin/sh;
			shellScript = "\"${PODS_ROOT}/Target Support Files/Pods-Notice/Pods-Notice-frameworks.sh\"\n";
			showEnvVarsInLog = 0;
		};
		1FDE04979D06E46DDB7476B7 /* [CP] Check Pods Manifest.lock */ = {
			isa = PBXShellScriptBuildPhase;
			buildActionMask = 2147483647;
			files = (
			);
			inputFileListPaths = (
			);
			inputPaths = (
				"${PODS_PODFILE_DIR_PATH}/Podfile.lock",
				"${PODS_ROOT}/Manifest.lock",
			);
			name = "[CP] Check Pods Manifest.lock";
			outputFileListPaths = (
			);
			outputPaths = (
				"$(DERIVED_FILE_DIR)/Pods-Notice-NoticeUITests-checkManifestLockResult.txt",
			);
			runOnlyForDeploymentPostprocessing = 0;
			shellPath = /bin/sh;
			shellScript = "diff \"${PODS_PODFILE_DIR_PATH}/Podfile.lock\" \"${PODS_ROOT}/Manifest.lock\" > /dev/null\nif [ $? != 0 ] ; then\n    # print error to STDERR\n    echo \"error: The sandbox is not in sync with the Podfile.lock. Run 'pod install' or update your CocoaPods installation.\" >&2\n    exit 1\nfi\n# This output is used by Xcode 'outputs' to avoid re-running this script phase.\necho \"SUCCESS\" > \"${SCRIPT_OUTPUT_FILE_0}\"\n";
			showEnvVarsInLog = 0;
		};
		75331936214612396D30C0C6 /* [CP] Embed Pods Frameworks */ = {
			isa = PBXShellScriptBuildPhase;
			buildActionMask = 2147483647;
			files = (
			);
			inputFileListPaths = (
				"${PODS_ROOT}/Target Support Files/Pods-Notice-NoticeUITests/Pods-Notice-NoticeUITests-frameworks-${CONFIGURATION}-input-files.xcfilelist",
			);
			name = "[CP] Embed Pods Frameworks";
			outputFileListPaths = (
				"${PODS_ROOT}/Target Support Files/Pods-Notice-NoticeUITests/Pods-Notice-NoticeUITests-frameworks-${CONFIGURATION}-output-files.xcfilelist",
			);
			runOnlyForDeploymentPostprocessing = 0;
			shellPath = /bin/sh;
			shellScript = "\"${PODS_ROOT}/Target Support Files/Pods-Notice-NoticeUITests/Pods-Notice-NoticeUITests-frameworks.sh\"\n";
			showEnvVarsInLog = 0;
		};
		AE74828C484AA9D0FEA3620A /* [CP] Check Pods Manifest.lock */ = {
			isa = PBXShellScriptBuildPhase;
			buildActionMask = 2147483647;
			files = (
			);
			inputFileListPaths = (
			);
			inputPaths = (
				"${PODS_PODFILE_DIR_PATH}/Podfile.lock",
				"${PODS_ROOT}/Manifest.lock",
			);
			name = "[CP] Check Pods Manifest.lock";
			outputFileListPaths = (
			);
			outputPaths = (
				"$(DERIVED_FILE_DIR)/Pods-NoticeTests-checkManifestLockResult.txt",
			);
			runOnlyForDeploymentPostprocessing = 0;
			shellPath = /bin/sh;
			shellScript = "diff \"${PODS_PODFILE_DIR_PATH}/Podfile.lock\" \"${PODS_ROOT}/Manifest.lock\" > /dev/null\nif [ $? != 0 ] ; then\n    # print error to STDERR\n    echo \"error: The sandbox is not in sync with the Podfile.lock. Run 'pod install' or update your CocoaPods installation.\" >&2\n    exit 1\nfi\n# This output is used by Xcode 'outputs' to avoid re-running this script phase.\necho \"SUCCESS\" > \"${SCRIPT_OUTPUT_FILE_0}\"\n";
			showEnvVarsInLog = 0;
		};
		FAC3CB84451A40EDB3E0B177 /* [CP] Check Pods Manifest.lock */ = {
			isa = PBXShellScriptBuildPhase;
			buildActionMask = 2147483647;
			files = (
			);
			inputFileListPaths = (
			);
			inputPaths = (
				"${PODS_PODFILE_DIR_PATH}/Podfile.lock",
				"${PODS_ROOT}/Manifest.lock",
			);
			name = "[CP] Check Pods Manifest.lock";
			outputFileListPaths = (
			);
			outputPaths = (
				"$(DERIVED_FILE_DIR)/Pods-Notice-checkManifestLockResult.txt",
			);
			runOnlyForDeploymentPostprocessing = 0;
			shellPath = /bin/sh;
			shellScript = "diff \"${PODS_PODFILE_DIR_PATH}/Podfile.lock\" \"${PODS_ROOT}/Manifest.lock\" > /dev/null\nif [ $? != 0 ] ; then\n    # print error to STDERR\n    echo \"error: The sandbox is not in sync with the Podfile.lock. Run 'pod install' or update your CocoaPods installation.\" >&2\n    exit 1\nfi\n# This output is used by Xcode 'outputs' to avoid re-running this script phase.\necho \"SUCCESS\" > \"${SCRIPT_OUTPUT_FILE_0}\"\n";
			showEnvVarsInLog = 0;
		};
/* End PBXShellScriptBuildPhase section */

/* Begin PBXSourcesBuildPhase section */
		A5824168282CD5B0000ACA93 /* Sources */ = {
			isa = PBXSourcesBuildPhase;
			buildActionMask = 2147483647;
			files = (
				A5824174282CD5B0000ACA93 /* ViewController.swift in Sources */,
				A5824170282CD5B0000ACA93 /* AppDelegate.swift in Sources */,
				A58241A1282CD994000ACA93 /* NoticeViewController.swift in Sources */,
				A5824172282CD5B0000ACA93 /* SceneDelegate.swift in Sources */,
			);
			runOnlyForDeploymentPostprocessing = 0;
		};
		A582417E282CD5B2000ACA93 /* Sources */ = {
			isa = PBXSourcesBuildPhase;
			buildActionMask = 2147483647;
			files = (
				A5824187282CD5B2000ACA93 /* NoticeTests.swift in Sources */,
			);
			runOnlyForDeploymentPostprocessing = 0;
		};
		A5824188282CD5B2000ACA93 /* Sources */ = {
			isa = PBXSourcesBuildPhase;
			buildActionMask = 2147483647;
			files = (
				A5824193282CD5B2000ACA93 /* NoticeUITestsLaunchTests.swift in Sources */,
				A5824191282CD5B2000ACA93 /* NoticeUITests.swift in Sources */,
			);
			runOnlyForDeploymentPostprocessing = 0;
		};
/* End PBXSourcesBuildPhase section */

/* Begin PBXTargetDependency section */
		A5824184282CD5B2000ACA93 /* PBXTargetDependency */ = {
			isa = PBXTargetDependency;
			target = A582416B282CD5B0000ACA93 /* Notice */;
			targetProxy = A5824183282CD5B2000ACA93 /* PBXContainerItemProxy */;
		};
		A582418E282CD5B2000ACA93 /* PBXTargetDependency */ = {
			isa = PBXTargetDependency;
			target = A582416B282CD5B0000ACA93 /* Notice */;
			targetProxy = A582418D282CD5B2000ACA93 /* PBXContainerItemProxy */;
		};
/* End PBXTargetDependency section */

/* Begin PBXVariantGroup section */
		A5824175282CD5B0000ACA93 /* Main.storyboard */ = {
			isa = PBXVariantGroup;
			children = (
				A5824176282CD5B0000ACA93 /* Base */,
			);
			name = Main.storyboard;
			sourceTree = "<group>";
		};
		A582417A282CD5B2000ACA93 /* LaunchScreen.storyboard */ = {
			isa = PBXVariantGroup;
			children = (
				A582417B282CD5B2000ACA93 /* Base */,
			);
			name = LaunchScreen.storyboard;
			sourceTree = "<group>";
		};
/* End PBXVariantGroup section */

/* Begin XCBuildConfiguration section */
		A5824194282CD5B2000ACA93 /* Debug */ = {
			isa = XCBuildConfiguration;
			buildSettings = {
				ALWAYS_SEARCH_USER_PATHS = NO;
				CLANG_ANALYZER_NONNULL = YES;
				CLANG_ANALYZER_NUMBER_OBJECT_CONVERSION = YES_AGGRESSIVE;
				CLANG_CXX_LANGUAGE_STANDARD = "gnu++17";
				CLANG_ENABLE_MODULES = YES;
				CLANG_ENABLE_OBJC_ARC = YES;
				CLANG_ENABLE_OBJC_WEAK = YES;
				CLANG_WARN_BLOCK_CAPTURE_AUTORELEASING = YES;
				CLANG_WARN_BOOL_CONVERSION = YES;
				CLANG_WARN_COMMA = YES;
				CLANG_WARN_CONSTANT_CONVERSION = YES;
				CLANG_WARN_DEPRECATED_OBJC_IMPLEMENTATIONS = YES;
				CLANG_WARN_DIRECT_OBJC_ISA_USAGE = YES_ERROR;
				CLANG_WARN_DOCUMENTATION_COMMENTS = YES;
				CLANG_WARN_EMPTY_BODY = YES;
				CLANG_WARN_ENUM_CONVERSION = YES;
				CLANG_WARN_INFINITE_RECURSION = YES;
				CLANG_WARN_INT_CONVERSION = YES;
				CLANG_WARN_NON_LITERAL_NULL_CONVERSION = YES;
				CLANG_WARN_OBJC_IMPLICIT_RETAIN_SELF = YES;
				CLANG_WARN_OBJC_LITERAL_CONVERSION = YES;
				CLANG_WARN_OBJC_ROOT_CLASS = YES_ERROR;
				CLANG_WARN_QUOTED_INCLUDE_IN_FRAMEWORK_HEADER = YES;
				CLANG_WARN_RANGE_LOOP_ANALYSIS = YES;
				CLANG_WARN_STRICT_PROTOTYPES = YES;
				CLANG_WARN_SUSPICIOUS_MOVE = YES;
				CLANG_WARN_UNGUARDED_AVAILABILITY = YES_AGGRESSIVE;
				CLANG_WARN_UNREACHABLE_CODE = YES;
				CLANG_WARN__DUPLICATE_METHOD_MATCH = YES;
				COPY_PHASE_STRIP = NO;
				DEBUG_INFORMATION_FORMAT = dwarf;
				ENABLE_STRICT_OBJC_MSGSEND = YES;
				ENABLE_TESTABILITY = YES;
				GCC_C_LANGUAGE_STANDARD = gnu11;
				GCC_DYNAMIC_NO_PIC = NO;
				GCC_NO_COMMON_BLOCKS = YES;
				GCC_OPTIMIZATION_LEVEL = 0;
				GCC_PREPROCESSOR_DEFINITIONS = (
					"DEBUG=1",
					"$(inherited)",
				);
				GCC_WARN_64_TO_32_BIT_CONVERSION = YES;
				GCC_WARN_ABOUT_RETURN_TYPE = YES_ERROR;
				GCC_WARN_UNDECLARED_SELECTOR = YES;
				GCC_WARN_UNINITIALIZED_AUTOS = YES_AGGRESSIVE;
				GCC_WARN_UNUSED_FUNCTION = YES;
				GCC_WARN_UNUSED_VARIABLE = YES;
				IPHONEOS_DEPLOYMENT_TARGET = 15.4;
				MTL_ENABLE_DEBUG_INFO = INCLUDE_SOURCE;
				MTL_FAST_MATH = YES;
				ONLY_ACTIVE_ARCH = YES;
				SDKROOT = iphoneos;
				SWIFT_ACTIVE_COMPILATION_CONDITIONS = DEBUG;
				SWIFT_OPTIMIZATION_LEVEL = "-Onone";
			};
			name = Debug;
		};
		A5824195282CD5B2000ACA93 /* Release */ = {
			isa = XCBuildConfiguration;
			buildSettings = {
				ALWAYS_SEARCH_USER_PATHS = NO;
				CLANG_ANALYZER_NONNULL = YES;
				CLANG_ANALYZER_NUMBER_OBJECT_CONVERSION = YES_AGGRESSIVE;
				CLANG_CXX_LANGUAGE_STANDARD = "gnu++17";
				CLANG_ENABLE_MODULES = YES;
				CLANG_ENABLE_OBJC_ARC = YES;
				CLANG_ENABLE_OBJC_WEAK = YES;
				CLANG_WARN_BLOCK_CAPTURE_AUTORELEASING = YES;
				CLANG_WARN_BOOL_CONVERSION = YES;
				CLANG_WARN_COMMA = YES;
				CLANG_WARN_CONSTANT_CONVERSION = YES;
				CLANG_WARN_DEPRECATED_OBJC_IMPLEMENTATIONS = YES;
				CLANG_WARN_DIRECT_OBJC_ISA_USAGE = YES_ERROR;
				CLANG_WARN_DOCUMENTATION_COMMENTS = YES;
				CLANG_WARN_EMPTY_BODY = YES;
				CLANG_WARN_ENUM_CONVERSION = YES;
				CLANG_WARN_INFINITE_RECURSION = YES;
				CLANG_WARN_INT_CONVERSION = YES;
				CLANG_WARN_NON_LITERAL_NULL_CONVERSION = YES;
				CLANG_WARN_OBJC_IMPLICIT_RETAIN_SELF = YES;
				CLANG_WARN_OBJC_LITERAL_CONVERSION = YES;
				CLANG_WARN_OBJC_ROOT_CLASS = YES_ERROR;
				CLANG_WARN_QUOTED_INCLUDE_IN_FRAMEWORK_HEADER = YES;
				CLANG_WARN_RANGE_LOOP_ANALYSIS = YES;
				CLANG_WARN_STRICT_PROTOTYPES = YES;
				CLANG_WARN_SUSPICIOUS_MOVE = YES;
				CLANG_WARN_UNGUARDED_AVAILABILITY = YES_AGGRESSIVE;
				CLANG_WARN_UNREACHABLE_CODE = YES;
				CLANG_WARN__DUPLICATE_METHOD_MATCH = YES;
				COPY_PHASE_STRIP = NO;
				DEBUG_INFORMATION_FORMAT = "dwarf-with-dsym";
				ENABLE_NS_ASSERTIONS = NO;
				ENABLE_STRICT_OBJC_MSGSEND = YES;
				GCC_C_LANGUAGE_STANDARD = gnu11;
				GCC_NO_COMMON_BLOCKS = YES;
				GCC_WARN_64_TO_32_BIT_CONVERSION = YES;
				GCC_WARN_ABOUT_RETURN_TYPE = YES_ERROR;
				GCC_WARN_UNDECLARED_SELECTOR = YES;
				GCC_WARN_UNINITIALIZED_AUTOS = YES_AGGRESSIVE;
				GCC_WARN_UNUSED_FUNCTION = YES;
				GCC_WARN_UNUSED_VARIABLE = YES;
				IPHONEOS_DEPLOYMENT_TARGET = 15.4;
				MTL_ENABLE_DEBUG_INFO = NO;
				MTL_FAST_MATH = YES;
				SDKROOT = iphoneos;
				SWIFT_COMPILATION_MODE = wholemodule;
				SWIFT_OPTIMIZATION_LEVEL = "-O";
				VALIDATE_PRODUCT = YES;
			};
			name = Release;
		};
		A5824197282CD5B2000ACA93 /* Debug */ = {
			isa = XCBuildConfiguration;
			baseConfigurationReference = 6D1EC71E292B34DF1F7108C3 /* Pods-Notice.debug.xcconfig */;
			buildSettings = {
				ASSETCATALOG_COMPILER_APPICON_NAME = AppIcon;
				ASSETCATALOG_COMPILER_GLOBAL_ACCENT_COLOR_NAME = AccentColor;
				CODE_SIGN_STYLE = Automatic;
				CURRENT_PROJECT_VERSION = 1;
				DEVELOPMENT_TEAM = 82Q3S9Q2PL;
				GENERATE_INFOPLIST_FILE = YES;
				INFOPLIST_FILE = Notice/Info.plist;
				INFOPLIST_KEY_UIApplicationSupportsIndirectInputEvents = YES;
				INFOPLIST_KEY_UILaunchStoryboardName = LaunchScreen;
				INFOPLIST_KEY_UIMainStoryboardFile = Main;
				INFOPLIST_KEY_UISupportedInterfaceOrientations_iPad = "UIInterfaceOrientationPortrait UIInterfaceOrientationPortraitUpsideDown UIInterfaceOrientationLandscapeLeft UIInterfaceOrientationLandscapeRight";
				INFOPLIST_KEY_UISupportedInterfaceOrientations_iPhone = "UIInterfaceOrientationPortrait UIInterfaceOrientationLandscapeLeft UIInterfaceOrientationLandscapeRight";
				IPHONEOS_DEPLOYMENT_TARGET = 14.0;
				LD_RUNPATH_SEARCH_PATHS = (
					"$(inherited)",
					"@executable_path/Frameworks",
				);
				MARKETING_VERSION = 1.0;
				PRODUCT_BUNDLE_IDENTIFIER = hynam.Notice;
				PRODUCT_NAME = "$(TARGET_NAME)";
				SWIFT_EMIT_LOC_STRINGS = YES;
				SWIFT_VERSION = 5.0;
				TARGETED_DEVICE_FAMILY = "1,2";
			};
			name = Debug;
		};
		A5824198282CD5B2000ACA93 /* Release */ = {
			isa = XCBuildConfiguration;
			baseConfigurationReference = 491BF39083B5E71A40AF7C45 /* Pods-Notice.release.xcconfig */;
			buildSettings = {
				ASSETCATALOG_COMPILER_APPICON_NAME = AppIcon;
				ASSETCATALOG_COMPILER_GLOBAL_ACCENT_COLOR_NAME = AccentColor;
				CODE_SIGN_STYLE = Automatic;
				CURRENT_PROJECT_VERSION = 1;
				DEVELOPMENT_TEAM = 82Q3S9Q2PL;
				GENERATE_INFOPLIST_FILE = YES;
				INFOPLIST_FILE = Notice/Info.plist;
				INFOPLIST_KEY_UIApplicationSupportsIndirectInputEvents = YES;
				INFOPLIST_KEY_UILaunchStoryboardName = LaunchScreen;
				INFOPLIST_KEY_UIMainStoryboardFile = Main;
				INFOPLIST_KEY_UISupportedInterfaceOrientations_iPad = "UIInterfaceOrientationPortrait UIInterfaceOrientationPortraitUpsideDown UIInterfaceOrientationLandscapeLeft UIInterfaceOrientationLandscapeRight";
				INFOPLIST_KEY_UISupportedInterfaceOrientations_iPhone = "UIInterfaceOrientationPortrait UIInterfaceOrientationLandscapeLeft UIInterfaceOrientationLandscapeRight";
				IPHONEOS_DEPLOYMENT_TARGET = 14.0;
				LD_RUNPATH_SEARCH_PATHS = (
					"$(inherited)",
					"@executable_path/Frameworks",
				);
				MARKETING_VERSION = 1.0;
				PRODUCT_BUNDLE_IDENTIFIER = hynam.Notice;
				PRODUCT_NAME = "$(TARGET_NAME)";
				SWIFT_EMIT_LOC_STRINGS = YES;
				SWIFT_VERSION = 5.0;
				TARGETED_DEVICE_FAMILY = "1,2";
			};
			name = Release;
		};
		A582419A282CD5B2000ACA93 /* Debug */ = {
			isa = XCBuildConfiguration;
			baseConfigurationReference = F4B18E0EC5C0FE1AE5AFF9E6 /* Pods-NoticeTests.debug.xcconfig */;
			buildSettings = {
				ALWAYS_EMBED_SWIFT_STANDARD_LIBRARIES = YES;
				BUNDLE_LOADER = "$(TEST_HOST)";
				CODE_SIGN_STYLE = Automatic;
				CURRENT_PROJECT_VERSION = 1;
				DEVELOPMENT_TEAM = 82Q3S9Q2PL;
				GENERATE_INFOPLIST_FILE = YES;
				IPHONEOS_DEPLOYMENT_TARGET = 15.4;
				MARKETING_VERSION = 1.0;
				PRODUCT_BUNDLE_IDENTIFIER = hynam.NoticeTests;
				PRODUCT_NAME = "$(TARGET_NAME)";
				SWIFT_EMIT_LOC_STRINGS = NO;
				SWIFT_VERSION = 5.0;
				TARGETED_DEVICE_FAMILY = "1,2";
				TEST_HOST = "$(BUILT_PRODUCTS_DIR)/Notice.app/Notice";
			};
			name = Debug;
		};
		A582419B282CD5B2000ACA93 /* Release */ = {
			isa = XCBuildConfiguration;
			baseConfigurationReference = 944947A67744629B5207AE69 /* Pods-NoticeTests.release.xcconfig */;
			buildSettings = {
				ALWAYS_EMBED_SWIFT_STANDARD_LIBRARIES = YES;
				BUNDLE_LOADER = "$(TEST_HOST)";
				CODE_SIGN_STYLE = Automatic;
				CURRENT_PROJECT_VERSION = 1;
				DEVELOPMENT_TEAM = 82Q3S9Q2PL;
				GENERATE_INFOPLIST_FILE = YES;
				IPHONEOS_DEPLOYMENT_TARGET = 15.4;
				MARKETING_VERSION = 1.0;
				PRODUCT_BUNDLE_IDENTIFIER = hynam.NoticeTests;
				PRODUCT_NAME = "$(TARGET_NAME)";
				SWIFT_EMIT_LOC_STRINGS = NO;
				SWIFT_VERSION = 5.0;
				TARGETED_DEVICE_FAMILY = "1,2";
				TEST_HOST = "$(BUILT_PRODUCTS_DIR)/Notice.app/Notice";
			};
			name = Release;
		};
		A582419D282CD5B2000ACA93 /* Debug */ = {
			isa = XCBuildConfiguration;
			baseConfigurationReference = 5C113130C21F0D2762754F6C /* Pods-Notice-NoticeUITests.debug.xcconfig */;
			buildSettings = {
				ALWAYS_EMBED_SWIFT_STANDARD_LIBRARIES = YES;
				CODE_SIGN_STYLE = Automatic;
				CURRENT_PROJECT_VERSION = 1;
				DEVELOPMENT_TEAM = 82Q3S9Q2PL;
				GENERATE_INFOPLIST_FILE = YES;
				MARKETING_VERSION = 1.0;
				PRODUCT_BUNDLE_IDENTIFIER = hynam.NoticeUITests;
				PRODUCT_NAME = "$(TARGET_NAME)";
				SWIFT_EMIT_LOC_STRINGS = NO;
				SWIFT_VERSION = 5.0;
				TARGETED_DEVICE_FAMILY = "1,2";
				TEST_TARGET_NAME = Notice;
			};
			name = Debug;
		};
		A582419E282CD5B2000ACA93 /* Release */ = {
			isa = XCBuildConfiguration;
			baseConfigurationReference = 0B7572FFA6E3CF9AEAD4B617 /* Pods-Notice-NoticeUITests.release.xcconfig */;
			buildSettings = {
				ALWAYS_EMBED_SWIFT_STANDARD_LIBRARIES = YES;
				CODE_SIGN_STYLE = Automatic;
				CURRENT_PROJECT_VERSION = 1;
				DEVELOPMENT_TEAM = 82Q3S9Q2PL;
				GENERATE_INFOPLIST_FILE = YES;
				MARKETING_VERSION = 1.0;
				PRODUCT_BUNDLE_IDENTIFIER = hynam.NoticeUITests;
				PRODUCT_NAME = "$(TARGET_NAME)";
				SWIFT_EMIT_LOC_STRINGS = NO;
				SWIFT_VERSION = 5.0;
				TARGETED_DEVICE_FAMILY = "1,2";
				TEST_TARGET_NAME = Notice;
			};
			name = Release;
		};
/* End XCBuildConfiguration section */

/* Begin XCConfigurationList section */
		A5824167282CD5B0000ACA93 /* Build configuration list for PBXProject "Notice" */ = {
			isa = XCConfigurationList;
			buildConfigurations = (
				A5824194282CD5B2000ACA93 /* Debug */,
				A5824195282CD5B2000ACA93 /* Release */,
			);
			defaultConfigurationIsVisible = 0;
			defaultConfigurationName = Release;
		};
		A5824196282CD5B2000ACA93 /* Build configuration list for PBXNativeTarget "Notice" */ = {
			isa = XCConfigurationList;
			buildConfigurations = (
				A5824197282CD5B2000ACA93 /* Debug */,
				A5824198282CD5B2000ACA93 /* Release */,
			);
			defaultConfigurationIsVisible = 0;
			defaultConfigurationName = Release;
		};
		A5824199282CD5B2000ACA93 /* Build configuration list for PBXNativeTarget "NoticeTests" */ = {
			isa = XCConfigurationList;
			buildConfigurations = (
				A582419A282CD5B2000ACA93 /* Debug */,
				A582419B282CD5B2000ACA93 /* Release */,
			);
			defaultConfigurationIsVisible = 0;
			defaultConfigurationName = Release;
		};
		A582419C282CD5B2000ACA93 /* Build configuration list for PBXNativeTarget "NoticeUITests" */ = {
			isa = XCConfigurationList;
			buildConfigurations = (
				A582419D282CD5B2000ACA93 /* Debug */,
				A582419E282CD5B2000ACA93 /* Release */,
			);
			defaultConfigurationIsVisible = 0;
			defaultConfigurationName = Release;
		};
/* End XCConfigurationList section */
	};
	rootObject = A5824164282CD5B0000ACA93 /* Project object */;
}
