// !$*UTF8*$!
{
	archiveVersion = 1;
	classes = {
	};
	objectVersion = 55;
	objects = {

/* Begin PBXBuildFile section */
		A5070B4F282412020066391B /* AppDelegate.swift in Sources */ = {isa = PBXBuildFile; fileRef = A5070B4E282412020066391B /* AppDelegate.swift */; };
		A5070B51282412020066391B /* SceneDelegate.swift in Sources */ = {isa = PBXBuildFile; fileRef = A5070B50282412020066391B /* SceneDelegate.swift */; };
		A5070B53282412020066391B /* ViewController.swift in Sources */ = {isa = PBXBuildFile; fileRef = A5070B52282412020066391B /* ViewController.swift */; };
		A5070B56282412020066391B /* Main.storyboard in Resources */ = {isa = PBXBuildFile; fileRef = A5070B54282412020066391B /* Main.storyboard */; };
		A5070B58282412020066391B /* Assets.xcassets in Resources */ = {isa = PBXBuildFile; fileRef = A5070B57282412020066391B /* Assets.xcassets */; };
		A5070B5B282412020066391B /* LaunchScreen.storyboard in Resources */ = {isa = PBXBuildFile; fileRef = A5070B59282412020066391B /* LaunchScreen.storyboard */; };
		A5070B66282412030066391B /* WeatherTests.swift in Sources */ = {isa = PBXBuildFile; fileRef = A5070B65282412030066391B /* WeatherTests.swift */; };
		A5070B70282412030066391B /* WeatherUITests.swift in Sources */ = {isa = PBXBuildFile; fileRef = A5070B6F282412030066391B /* WeatherUITests.swift */; };
		A5070B72282412030066391B /* WeatherUITestsLaunchTests.swift in Sources */ = {isa = PBXBuildFile; fileRef = A5070B71282412030066391B /* WeatherUITestsLaunchTests.swift */; };
		A5070B7F282413E90066391B /* WeatherInformation.swift in Sources */ = {isa = PBXBuildFile; fileRef = A5070B7E282413E90066391B /* WeatherInformation.swift */; };
		A5070B81282418640066391B /* ErrorMessage.swift in Sources */ = {isa = PBXBuildFile; fileRef = A5070B80282418640066391B /* ErrorMessage.swift */; };
/* End PBXBuildFile section */

/* Begin PBXContainerItemProxy section */
		A5070B62282412030066391B /* PBXContainerItemProxy */ = {
			isa = PBXContainerItemProxy;
			containerPortal = A5070B43282412020066391B /* Project object */;
			proxyType = 1;
			remoteGlobalIDString = A5070B4A282412020066391B;
			remoteInfo = Weather;
		};
		A5070B6C282412030066391B /* PBXContainerItemProxy */ = {
			isa = PBXContainerItemProxy;
			containerPortal = A5070B43282412020066391B /* Project object */;
			proxyType = 1;
			remoteGlobalIDString = A5070B4A282412020066391B;
			remoteInfo = Weather;
		};
/* End PBXContainerItemProxy section */

/* Begin PBXFileReference section */
		A5070B4B282412020066391B /* Weather.app */ = {isa = PBXFileReference; explicitFileType = wrapper.application; includeInIndex = 0; path = Weather.app; sourceTree = BUILT_PRODUCTS_DIR; };
		A5070B4E282412020066391B /* AppDelegate.swift */ = {isa = PBXFileReference; lastKnownFileType = sourcecode.swift; path = AppDelegate.swift; sourceTree = "<group>"; };
		A5070B50282412020066391B /* SceneDelegate.swift */ = {isa = PBXFileReference; lastKnownFileType = sourcecode.swift; path = SceneDelegate.swift; sourceTree = "<group>"; };
		A5070B52282412020066391B /* ViewController.swift */ = {isa = PBXFileReference; lastKnownFileType = sourcecode.swift; path = ViewController.swift; sourceTree = "<group>"; };
		A5070B55282412020066391B /* Base */ = {isa = PBXFileReference; lastKnownFileType = file.storyboard; name = Base; path = Base.lproj/Main.storyboard; sourceTree = "<group>"; };
		A5070B57282412020066391B /* Assets.xcassets */ = {isa = PBXFileReference; lastKnownFileType = folder.assetcatalog; path = Assets.xcassets; sourceTree = "<group>"; };
		A5070B5A282412020066391B /* Base */ = {isa = PBXFileReference; lastKnownFileType = file.storyboard; name = Base; path = Base.lproj/LaunchScreen.storyboard; sourceTree = "<group>"; };
		A5070B5C282412020066391B /* Info.plist */ = {isa = PBXFileReference; lastKnownFileType = text.plist.xml; path = Info.plist; sourceTree = "<group>"; };
		A5070B61282412030066391B /* WeatherTests.xctest */ = {isa = PBXFileReference; explicitFileType = wrapper.cfbundle; includeInIndex = 0; path = WeatherTests.xctest; sourceTree = BUILT_PRODUCTS_DIR; };
		A5070B65282412030066391B /* WeatherTests.swift */ = {isa = PBXFileReference; lastKnownFileType = sourcecode.swift; path = WeatherTests.swift; sourceTree = "<group>"; };
		A5070B6B282412030066391B /* WeatherUITests.xctest */ = {isa = PBXFileReference; explicitFileType = wrapper.cfbundle; includeInIndex = 0; path = WeatherUITests.xctest; sourceTree = BUILT_PRODUCTS_DIR; };
		A5070B6F282412030066391B /* WeatherUITests.swift */ = {isa = PBXFileReference; lastKnownFileType = sourcecode.swift; path = WeatherUITests.swift; sourceTree = "<group>"; };
		A5070B71282412030066391B /* WeatherUITestsLaunchTests.swift */ = {isa = PBXFileReference; lastKnownFileType = sourcecode.swift; path = WeatherUITestsLaunchTests.swift; sourceTree = "<group>"; };
		A5070B7E282413E90066391B /* WeatherInformation.swift */ = {isa = PBXFileReference; lastKnownFileType = sourcecode.swift; path = WeatherInformation.swift; sourceTree = "<group>"; };
		A5070B80282418640066391B /* ErrorMessage.swift */ = {isa = PBXFileReference; lastKnownFileType = sourcecode.swift; path = ErrorMessage.swift; sourceTree = "<group>"; };
/* End PBXFileReference section */

/* Begin PBXFrameworksBuildPhase section */
		A5070B48282412020066391B /* Frameworks */ = {
			isa = PBXFrameworksBuildPhase;
			buildActionMask = 2147483647;
			files = (
			);
			runOnlyForDeploymentPostprocessing = 0;
		};
		A5070B5E282412030066391B /* Frameworks */ = {
			isa = PBXFrameworksBuildPhase;
			buildActionMask = 2147483647;
			files = (
			);
			runOnlyForDeploymentPostprocessing = 0;
		};
		A5070B68282412030066391B /* Frameworks */ = {
			isa = PBXFrameworksBuildPhase;
			buildActionMask = 2147483647;
			files = (
			);
			runOnlyForDeploymentPostprocessing = 0;
		};
/* End PBXFrameworksBuildPhase section */

/* Begin PBXGroup section */
		A5070B42282412020066391B = {
			isa = PBXGroup;
			children = (
				A5070B4D282412020066391B /* Weather */,
				A5070B64282412030066391B /* WeatherTests */,
				A5070B6E282412030066391B /* WeatherUITests */,
				A5070B4C282412020066391B /* Products */,
			);
			sourceTree = "<group>";
		};
		A5070B4C282412020066391B /* Products */ = {
			isa = PBXGroup;
			children = (
				A5070B4B282412020066391B /* Weather.app */,
				A5070B61282412030066391B /* WeatherTests.xctest */,
				A5070B6B282412030066391B /* WeatherUITests.xctest */,
			);
			name = Products;
			sourceTree = "<group>";
		};
		A5070B4D282412020066391B /* Weather */ = {
			isa = PBXGroup;
			children = (
				A5070B4E282412020066391B /* AppDelegate.swift */,
				A5070B50282412020066391B /* SceneDelegate.swift */,
				A5070B52282412020066391B /* ViewController.swift */,
				A5070B7E282413E90066391B /* WeatherInformation.swift */,
				A5070B54282412020066391B /* Main.storyboard */,
				A5070B57282412020066391B /* Assets.xcassets */,
				A5070B59282412020066391B /* LaunchScreen.storyboard */,
				A5070B5C282412020066391B /* Info.plist */,
				A5070B80282418640066391B /* ErrorMessage.swift */,
			);
			path = Weather;
			sourceTree = "<group>";
		};
		A5070B64282412030066391B /* WeatherTests */ = {
			isa = PBXGroup;
			children = (
				A5070B65282412030066391B /* WeatherTests.swift */,
			);
			path = WeatherTests;
			sourceTree = "<group>";
		};
		A5070B6E282412030066391B /* WeatherUITests */ = {
			isa = PBXGroup;
			children = (
				A5070B6F282412030066391B /* WeatherUITests.swift */,
				A5070B71282412030066391B /* WeatherUITestsLaunchTests.swift */,
			);
			path = WeatherUITests;
			sourceTree = "<group>";
		};
/* End PBXGroup section */

/* Begin PBXNativeTarget section */
		A5070B4A282412020066391B /* Weather */ = {
			isa = PBXNativeTarget;
			buildConfigurationList = A5070B75282412030066391B /* Build configuration list for PBXNativeTarget "Weather" */;
			buildPhases = (
				A5070B47282412020066391B /* Sources */,
				A5070B48282412020066391B /* Frameworks */,
				A5070B49282412020066391B /* Resources */,
			);
			buildRules = (
			);
			dependencies = (
			);
			name = Weather;
			productName = Weather;
			productReference = A5070B4B282412020066391B /* Weather.app */;
			productType = "com.apple.product-type.application";
		};
		A5070B60282412030066391B /* WeatherTests */ = {
			isa = PBXNativeTarget;
			buildConfigurationList = A5070B78282412030066391B /* Build configuration list for PBXNativeTarget "WeatherTests" */;
			buildPhases = (
				A5070B5D282412030066391B /* Sources */,
				A5070B5E282412030066391B /* Frameworks */,
				A5070B5F282412030066391B /* Resources */,
			);
			buildRules = (
			);
			dependencies = (
				A5070B63282412030066391B /* PBXTargetDependency */,
			);
			name = WeatherTests;
			productName = WeatherTests;
			productReference = A5070B61282412030066391B /* WeatherTests.xctest */;
			productType = "com.apple.product-type.bundle.unit-test";
		};
		A5070B6A282412030066391B /* WeatherUITests */ = {
			isa = PBXNativeTarget;
			buildConfigurationList = A5070B7B282412030066391B /* Build configuration list for PBXNativeTarget "WeatherUITests" */;
			buildPhases = (
				A5070B67282412030066391B /* Sources */,
				A5070B68282412030066391B /* Frameworks */,
				A5070B69282412030066391B /* Resources */,
			);
			buildRules = (
			);
			dependencies = (
				A5070B6D282412030066391B /* PBXTargetDependency */,
			);
			name = WeatherUITests;
			productName = WeatherUITests;
			productReference = A5070B6B282412030066391B /* WeatherUITests.xctest */;
			productType = "com.apple.product-type.bundle.ui-testing";
		};
/* End PBXNativeTarget section */

/* Begin PBXProject section */
		A5070B43282412020066391B /* Project object */ = {
			isa = PBXProject;
			attributes = {
				BuildIndependentTargetsInParallel = 1;
				LastSwiftUpdateCheck = 1330;
				LastUpgradeCheck = 1330;
				TargetAttributes = {
					A5070B4A282412020066391B = {
						CreatedOnToolsVersion = 13.3.1;
					};
					A5070B60282412030066391B = {
						CreatedOnToolsVersion = 13.3.1;
						TestTargetID = A5070B4A282412020066391B;
					};
					A5070B6A282412030066391B = {
						CreatedOnToolsVersion = 13.3.1;
						TestTargetID = A5070B4A282412020066391B;
					};
				};
			};
			buildConfigurationList = A5070B46282412020066391B /* Build configuration list for PBXProject "Weather" */;
			compatibilityVersion = "Xcode 13.0";
			developmentRegion = en;
			hasScannedForEncodings = 0;
			knownRegions = (
				en,
				Base,
			);
			mainGroup = A5070B42282412020066391B;
			productRefGroup = A5070B4C282412020066391B /* Products */;
			projectDirPath = "";
			projectRoot = "";
			targets = (
				A5070B4A282412020066391B /* Weather */,
				A5070B60282412030066391B /* WeatherTests */,
				A5070B6A282412030066391B /* WeatherUITests */,
			);
		};
/* End PBXProject section */

/* Begin PBXResourcesBuildPhase section */
		A5070B49282412020066391B /* Resources */ = {
			isa = PBXResourcesBuildPhase;
			buildActionMask = 2147483647;
			files = (
				A5070B5B282412020066391B /* LaunchScreen.storyboard in Resources */,
				A5070B58282412020066391B /* Assets.xcassets in Resources */,
				A5070B56282412020066391B /* Main.storyboard in Resources */,
			);
			runOnlyForDeploymentPostprocessing = 0;
		};
		A5070B5F282412030066391B /* Resources */ = {
			isa = PBXResourcesBuildPhase;
			buildActionMask = 2147483647;
			files = (
			);
			runOnlyForDeploymentPostprocessing = 0;
		};
		A5070B69282412030066391B /* Resources */ = {
			isa = PBXResourcesBuildPhase;
			buildActionMask = 2147483647;
			files = (
			);
			runOnlyForDeploymentPostprocessing = 0;
		};
/* End PBXResourcesBuildPhase section */

/* Begin PBXSourcesBuildPhase section */
		A5070B47282412020066391B /* Sources */ = {
			isa = PBXSourcesBuildPhase;
			buildActionMask = 2147483647;
			files = (
				A5070B53282412020066391B /* ViewController.swift in Sources */,
				A5070B7F282413E90066391B /* WeatherInformation.swift in Sources */,
				A5070B81282418640066391B /* ErrorMessage.swift in Sources */,
				A5070B4F282412020066391B /* AppDelegate.swift in Sources */,
				A5070B51282412020066391B /* SceneDelegate.swift in Sources */,
			);
			runOnlyForDeploymentPostprocessing = 0;
		};
		A5070B5D282412030066391B /* Sources */ = {
			isa = PBXSourcesBuildPhase;
			buildActionMask = 2147483647;
			files = (
				A5070B66282412030066391B /* WeatherTests.swift in Sources */,
			);
			runOnlyForDeploymentPostprocessing = 0;
		};
		A5070B67282412030066391B /* Sources */ = {
			isa = PBXSourcesBuildPhase;
			buildActionMask = 2147483647;
			files = (
				A5070B70282412030066391B /* WeatherUITests.swift in Sources */,
				A5070B72282412030066391B /* WeatherUITestsLaunchTests.swift in Sources */,
			);
			runOnlyForDeploymentPostprocessing = 0;
		};
/* End PBXSourcesBuildPhase section */

/* Begin PBXTargetDependency section */
		A5070B63282412030066391B /* PBXTargetDependency */ = {
			isa = PBXTargetDependency;
			target = A5070B4A282412020066391B /* Weather */;
			targetProxy = A5070B62282412030066391B /* PBXContainerItemProxy */;
		};
		A5070B6D282412030066391B /* PBXTargetDependency */ = {
			isa = PBXTargetDependency;
			target = A5070B4A282412020066391B /* Weather */;
			targetProxy = A5070B6C282412030066391B /* PBXContainerItemProxy */;
		};
/* End PBXTargetDependency section */

/* Begin PBXVariantGroup section */
		A5070B54282412020066391B /* Main.storyboard */ = {
			isa = PBXVariantGroup;
			children = (
				A5070B55282412020066391B /* Base */,
			);
			name = Main.storyboard;
			sourceTree = "<group>";
		};
		A5070B59282412020066391B /* LaunchScreen.storyboard */ = {
			isa = PBXVariantGroup;
			children = (
				A5070B5A282412020066391B /* Base */,
			);
			name = LaunchScreen.storyboard;
			sourceTree = "<group>";
		};
/* End PBXVariantGroup section */

/* Begin XCBuildConfiguration section */
		A5070B73282412030066391B /* Debug */ = {
			isa = XCBuildConfiguration;
			buildSettings = {
				ALWAYS_SEARCH_USER_PATHS = NO;
				CLANG_ANALYZER_NONNULL = YES;
				CLANG_ANALYZER_NUMBER_OBJECT_CONVERSION = YES_AGGRESSIVE;
				CLANG_CXX_LANGUAGE_STANDARD = "gnu++17";
				CLANG_ENABLE_MODULES = YES;
				CLANG_ENABLE_OBJC_ARC = YES;
				CLANG_ENABLE_OBJC_WEAK = YES;
				CLANG_WARN_BLOCK_CAPTURE_AUTORELEASING = YES;
				CLANG_WARN_BOOL_CONVERSION = YES;
				CLANG_WARN_COMMA = YES;
				CLANG_WARN_CONSTANT_CONVERSION = YES;
				CLANG_WARN_DEPRECATED_OBJC_IMPLEMENTATIONS = YES;
				CLANG_WARN_DIRECT_OBJC_ISA_USAGE = YES_ERROR;
				CLANG_WARN_DOCUMENTATION_COMMENTS = YES;
				CLANG_WARN_EMPTY_BODY = YES;
				CLANG_WARN_ENUM_CONVERSION = YES;
				CLANG_WARN_INFINITE_RECURSION = YES;
				CLANG_WARN_INT_CONVERSION = YES;
				CLANG_WARN_NON_LITERAL_NULL_CONVERSION = YES;
				CLANG_WARN_OBJC_IMPLICIT_RETAIN_SELF = YES;
				CLANG_WARN_OBJC_LITERAL_CONVERSION = YES;
				CLANG_WARN_OBJC_ROOT_CLASS = YES_ERROR;
				CLANG_WARN_QUOTED_INCLUDE_IN_FRAMEWORK_HEADER = YES;
				CLANG_WARN_RANGE_LOOP_ANALYSIS = YES;
				CLANG_WARN_STRICT_PROTOTYPES = YES;
				CLANG_WARN_SUSPICIOUS_MOVE = YES;
				CLANG_WARN_UNGUARDED_AVAILABILITY = YES_AGGRESSIVE;
				CLANG_WARN_UNREACHABLE_CODE = YES;
				CLANG_WARN__DUPLICATE_METHOD_MATCH = YES;
				COPY_PHASE_STRIP = NO;
				DEBUG_INFORMATION_FORMAT = dwarf;
				ENABLE_STRICT_OBJC_MSGSEND = YES;
				ENABLE_TESTABILITY = YES;
				GCC_C_LANGUAGE_STANDARD = gnu11;
				GCC_DYNAMIC_NO_PIC = NO;
				GCC_NO_COMMON_BLOCKS = YES;
				GCC_OPTIMIZATION_LEVEL = 0;
				GCC_PREPROCESSOR_DEFINITIONS = (
					"DEBUG=1",
					"$(inherited)",
				);
				GCC_WARN_64_TO_32_BIT_CONVERSION = YES;
				GCC_WARN_ABOUT_RETURN_TYPE = YES_ERROR;
				GCC_WARN_UNDECLARED_SELECTOR = YES;
				GCC_WARN_UNINITIALIZED_AUTOS = YES_AGGRESSIVE;
				GCC_WARN_UNUSED_FUNCTION = YES;
				GCC_WARN_UNUSED_VARIABLE = YES;
				IPHONEOS_DEPLOYMENT_TARGET = 15.4;
				MTL_ENABLE_DEBUG_INFO = INCLUDE_SOURCE;
				MTL_FAST_MATH = YES;
				ONLY_ACTIVE_ARCH = YES;
				SDKROOT = iphoneos;
				SWIFT_ACTIVE_COMPILATION_CONDITIONS = DEBUG;
				SWIFT_OPTIMIZATION_LEVEL = "-Onone";
			};
			name = Debug;
		};
		A5070B74282412030066391B /* Release */ = {
			isa = XCBuildConfiguration;
			buildSettings = {
				ALWAYS_SEARCH_USER_PATHS = NO;
				CLANG_ANALYZER_NONNULL = YES;
				CLANG_ANALYZER_NUMBER_OBJECT_CONVERSION = YES_AGGRESSIVE;
				CLANG_CXX_LANGUAGE_STANDARD = "gnu++17";
				CLANG_ENABLE_MODULES = YES;
				CLANG_ENABLE_OBJC_ARC = YES;
				CLANG_ENABLE_OBJC_WEAK = YES;
				CLANG_WARN_BLOCK_CAPTURE_AUTORELEASING = YES;
				CLANG_WARN_BOOL_CONVERSION = YES;
				CLANG_WARN_COMMA = YES;
				CLANG_WARN_CONSTANT_CONVERSION = YES;
				CLANG_WARN_DEPRECATED_OBJC_IMPLEMENTATIONS = YES;
				CLANG_WARN_DIRECT_OBJC_ISA_USAGE = YES_ERROR;
				CLANG_WARN_DOCUMENTATION_COMMENTS = YES;
				CLANG_WARN_EMPTY_BODY = YES;
				CLANG_WARN_ENUM_CONVERSION = YES;
				CLANG_WARN_INFINITE_RECURSION = YES;
				CLANG_WARN_INT_CONVERSION = YES;
				CLANG_WARN_NON_LITERAL_NULL_CONVERSION = YES;
				CLANG_WARN_OBJC_IMPLICIT_RETAIN_SELF = YES;
				CLANG_WARN_OBJC_LITERAL_CONVERSION = YES;
				CLANG_WARN_OBJC_ROOT_CLASS = YES_ERROR;
				CLANG_WARN_QUOTED_INCLUDE_IN_FRAMEWORK_HEADER = YES;
				CLANG_WARN_RANGE_LOOP_ANALYSIS = YES;
				CLANG_WARN_STRICT_PROTOTYPES = YES;
				CLANG_WARN_SUSPICIOUS_MOVE = YES;
				CLANG_WARN_UNGUARDED_AVAILABILITY = YES_AGGRESSIVE;
				CLANG_WARN_UNREACHABLE_CODE = YES;
				CLANG_WARN__DUPLICATE_METHOD_MATCH = YES;
				COPY_PHASE_STRIP = NO;
				DEBUG_INFORMATION_FORMAT = "dwarf-with-dsym";
				ENABLE_NS_ASSERTIONS = NO;
				ENABLE_STRICT_OBJC_MSGSEND = YES;
				GCC_C_LANGUAGE_STANDARD = gnu11;
				GCC_NO_COMMON_BLOCKS = YES;
				GCC_WARN_64_TO_32_BIT_CONVERSION = YES;
				GCC_WARN_ABOUT_RETURN_TYPE = YES_ERROR;
				GCC_WARN_UNDECLARED_SELECTOR = YES;
				GCC_WARN_UNINITIALIZED_AUTOS = YES_AGGRESSIVE;
				GCC_WARN_UNUSED_FUNCTION = YES;
				GCC_WARN_UNUSED_VARIABLE = YES;
				IPHONEOS_DEPLOYMENT_TARGET = 15.4;
				MTL_ENABLE_DEBUG_INFO = NO;
				MTL_FAST_MATH = YES;
				SDKROOT = iphoneos;
				SWIFT_COMPILATION_MODE = wholemodule;
				SWIFT_OPTIMIZATION_LEVEL = "-O";
				VALIDATE_PRODUCT = YES;
			};
			name = Release;
		};
		A5070B76282412030066391B /* Debug */ = {
			isa = XCBuildConfiguration;
			buildSettings = {
				ASSETCATALOG_COMPILER_APPICON_NAME = AppIcon;
				ASSETCATALOG_COMPILER_GLOBAL_ACCENT_COLOR_NAME = AccentColor;
				CODE_SIGN_STYLE = Automatic;
				CURRENT_PROJECT_VERSION = 1;
				DEVELOPMENT_TEAM = 82Q3S9Q2PL;
				GENERATE_INFOPLIST_FILE = YES;
				INFOPLIST_FILE = Weather/Info.plist;
				INFOPLIST_KEY_UIApplicationSupportsIndirectInputEvents = YES;
				INFOPLIST_KEY_UILaunchStoryboardName = LaunchScreen;
				INFOPLIST_KEY_UIMainStoryboardFile = Main;
				INFOPLIST_KEY_UISupportedInterfaceOrientations_iPad = "UIInterfaceOrientationPortrait UIInterfaceOrientationPortraitUpsideDown UIInterfaceOrientationLandscapeLeft UIInterfaceOrientationLandscapeRight";
				INFOPLIST_KEY_UISupportedInterfaceOrientations_iPhone = "UIInterfaceOrientationPortrait UIInterfaceOrientationLandscapeLeft UIInterfaceOrientationLandscapeRight";
				IPHONEOS_DEPLOYMENT_TARGET = 14.0;
				LD_RUNPATH_SEARCH_PATHS = (
					"$(inherited)",
					"@executable_path/Frameworks",
				);
				MARKETING_VERSION = 1.0;
				PRODUCT_BUNDLE_IDENTIFIER = hynam.Weather;
				PRODUCT_NAME = "$(TARGET_NAME)";
				SWIFT_EMIT_LOC_STRINGS = YES;
				SWIFT_VERSION = 5.0;
				TARGETED_DEVICE_FAMILY = "1,2";
			};
			name = Debug;
		};
		A5070B77282412030066391B /* Release */ = {
			isa = XCBuildConfiguration;
			buildSettings = {
				ASSETCATALOG_COMPILER_APPICON_NAME = AppIcon;
				ASSETCATALOG_COMPILER_GLOBAL_ACCENT_COLOR_NAME = AccentColor;
				CODE_SIGN_STYLE = Automatic;
				CURRENT_PROJECT_VERSION = 1;
				DEVELOPMENT_TEAM = 82Q3S9Q2PL;
				GENERATE_INFOPLIST_FILE = YES;
				INFOPLIST_FILE = Weather/Info.plist;
				INFOPLIST_KEY_UIApplicationSupportsIndirectInputEvents = YES;
				INFOPLIST_KEY_UILaunchStoryboardName = LaunchScreen;
				INFOPLIST_KEY_UIMainStoryboardFile = Main;
				INFOPLIST_KEY_UISupportedInterfaceOrientations_iPad = "UIInterfaceOrientationPortrait UIInterfaceOrientationPortraitUpsideDown UIInterfaceOrientationLandscapeLeft UIInterfaceOrientationLandscapeRight";
				INFOPLIST_KEY_UISupportedInterfaceOrientations_iPhone = "UIInterfaceOrientationPortrait UIInterfaceOrientationLandscapeLeft UIInterfaceOrientationLandscapeRight";
				IPHONEOS_DEPLOYMENT_TARGET = 14.0;
				LD_RUNPATH_SEARCH_PATHS = (
					"$(inherited)",
					"@executable_path/Frameworks",
				);
				MARKETING_VERSION = 1.0;
				PRODUCT_BUNDLE_IDENTIFIER = hynam.Weather;
				PRODUCT_NAME = "$(TARGET_NAME)";
				SWIFT_EMIT_LOC_STRINGS = YES;
				SWIFT_VERSION = 5.0;
				TARGETED_DEVICE_FAMILY = "1,2";
			};
			name = Release;
		};
		A5070B79282412030066391B /* Debug */ = {
			isa = XCBuildConfiguration;
			buildSettings = {
				ALWAYS_EMBED_SWIFT_STANDARD_LIBRARIES = YES;
				BUNDLE_LOADER = "$(TEST_HOST)";
				CODE_SIGN_STYLE = Automatic;
				CURRENT_PROJECT_VERSION = 1;
				DEVELOPMENT_TEAM = 82Q3S9Q2PL;
				GENERATE_INFOPLIST_FILE = YES;
				IPHONEOS_DEPLOYMENT_TARGET = 15.4;
				MARKETING_VERSION = 1.0;
				PRODUCT_BUNDLE_IDENTIFIER = hynam.WeatherTests;
				PRODUCT_NAME = "$(TARGET_NAME)";
				SWIFT_EMIT_LOC_STRINGS = NO;
				SWIFT_VERSION = 5.0;
				TARGETED_DEVICE_FAMILY = "1,2";
				TEST_HOST = "$(BUILT_PRODUCTS_DIR)/Weather.app/Weather";
			};
			name = Debug;
		};
		A5070B7A282412030066391B /* Release */ = {
			isa = XCBuildConfiguration;
			buildSettings = {
				ALWAYS_EMBED_SWIFT_STANDARD_LIBRARIES = YES;
				BUNDLE_LOADER = "$(TEST_HOST)";
				CODE_SIGN_STYLE = Automatic;
				CURRENT_PROJECT_VERSION = 1;
				DEVELOPMENT_TEAM = 82Q3S9Q2PL;
				GENERATE_INFOPLIST_FILE = YES;
				IPHONEOS_DEPLOYMENT_TARGET = 15.4;
				MARKETING_VERSION = 1.0;
				PRODUCT_BUNDLE_IDENTIFIER = hynam.WeatherTests;
				PRODUCT_NAME = "$(TARGET_NAME)";
				SWIFT_EMIT_LOC_STRINGS = NO;
				SWIFT_VERSION = 5.0;
				TARGETED_DEVICE_FAMILY = "1,2";
				TEST_HOST = "$(BUILT_PRODUCTS_DIR)/Weather.app/Weather";
			};
			name = Release;
		};
		A5070B7C282412030066391B /* Debug */ = {
			isa = XCBuildConfiguration;
			buildSettings = {
				ALWAYS_EMBED_SWIFT_STANDARD_LIBRARIES = YES;
				CODE_SIGN_STYLE = Automatic;
				CURRENT_PROJECT_VERSION = 1;
				DEVELOPMENT_TEAM = 82Q3S9Q2PL;
				GENERATE_INFOPLIST_FILE = YES;
				MARKETING_VERSION = 1.0;
				PRODUCT_BUNDLE_IDENTIFIER = hynam.WeatherUITests;
				PRODUCT_NAME = "$(TARGET_NAME)";
				SWIFT_EMIT_LOC_STRINGS = NO;
				SWIFT_VERSION = 5.0;
				TARGETED_DEVICE_FAMILY = "1,2";
				TEST_TARGET_NAME = Weather;
			};
			name = Debug;
		};
		A5070B7D282412030066391B /* Release */ = {
			isa = XCBuildConfiguration;
			buildSettings = {
				ALWAYS_EMBED_SWIFT_STANDARD_LIBRARIES = YES;
				CODE_SIGN_STYLE = Automatic;
				CURRENT_PROJECT_VERSION = 1;
				DEVELOPMENT_TEAM = 82Q3S9Q2PL;
				GENERATE_INFOPLIST_FILE = YES;
				MARKETING_VERSION = 1.0;
				PRODUCT_BUNDLE_IDENTIFIER = hynam.WeatherUITests;
				PRODUCT_NAME = "$(TARGET_NAME)";
				SWIFT_EMIT_LOC_STRINGS = NO;
				SWIFT_VERSION = 5.0;
				TARGETED_DEVICE_FAMILY = "1,2";
				TEST_TARGET_NAME = Weather;
			};
			name = Release;
		};
/* End XCBuildConfiguration section */

/* Begin XCConfigurationList section */
		A5070B46282412020066391B /* Build configuration list for PBXProject "Weather" */ = {
			isa = XCConfigurationList;
			buildConfigurations = (
				A5070B73282412030066391B /* Debug */,
				A5070B74282412030066391B /* Release */,
			);
			defaultConfigurationIsVisible = 0;
			defaultConfigurationName = Release;
		};
		A5070B75282412030066391B /* Build configuration list for PBXNativeTarget "Weather" */ = {
			isa = XCConfigurationList;
			buildConfigurations = (
				A5070B76282412030066391B /* Debug */,
				A5070B77282412030066391B /* Release */,
			);
			defaultConfigurationIsVisible = 0;
			defaultConfigurationName = Release;
		};
		A5070B78282412030066391B /* Build configuration list for PBXNativeTarget "WeatherTests" */ = {
			isa = XCConfigurationList;
			buildConfigurations = (
				A5070B79282412030066391B /* Debug */,
				A5070B7A282412030066391B /* Release */,
			);
			defaultConfigurationIsVisible = 0;
			defaultConfigurationName = Release;
		};
		A5070B7B282412030066391B /* Build configuration list for PBXNativeTarget "WeatherUITests" */ = {
			isa = XCConfigurationList;
			buildConfigurations = (
				A5070B7C282412030066391B /* Debug */,
				A5070B7D282412030066391B /* Release */,
			);
			defaultConfigurationIsVisible = 0;
			defaultConfigurationName = Release;
		};
/* End XCConfigurationList section */
	};
	rootObject = A5070B43282412020066391B /* Project object */;
}
